
Microsoft Visual Studio Solution File, Format Version 12.00
# Visual Studio Version 16
VisualStudioVersion = 16.0.30804.86
MinimumVisualStudioVersion = 10.0.40219.1
Project("{888888A0-9F3D-457C-B088-3A5042F75D52}") = "access", "access\access.pyproj", "{0EAAD2C2-663E-4A03-8A00-298293A49C2E}"
EndProject
Global
	GlobalSection(SolutionConfigurationPlatforms) = preSolution
		Debug|Any CPU = Debug|Any CPU
		Release|Any CPU = Release|Any CPU
	EndGlobalSection
	GlobalSection(ProjectConfigurationPlatforms) = postSolution
		{0EAAD2C2-663E-4A03-8A00-298293A49C2E}.Debug|Any CPU.ActiveCfg = Debug|Any CPU
		{0EAAD2C2-663E-4A03-8A00-298293A49C2E}.Release|Any CPU.ActiveCfg = Release|Any CPU
	EndGlobalSection
	GlobalSection(SolutionProperties) = preSolution
		HideSolutionNode = FALSE
	EndGlobalSection
	GlobalSection(ExtensibilityGlobals) = postSolution
		SolutionGuid = {568117CA-C91E-4E4A-A9E0-124230FA06B2}
	EndGlobalSection
EndGlobal
